
Microsoft Visual Studio Solution File, Format Version 12.00
# Visual Studio Version 16
VisualStudioVersion = 16.0.30907.101
MinimumVisualStudioVersion = 10.0.40219.1
Project("{FAE04EC0-301F-11D3-BF4B-00C04F79EFBC}") = "WindowsFormsApp3", "WindowsFormsApp3\WindowsFormsApp3.csproj", "{3A907F76-1ADA-4B1F-9371-5A1FBB391895}"
EndProject
Global
	GlobalSection(SolutionConfigurationPlatforms) = preSolution
		Debug|Any CPU = Debug|Any CPU
		Release|Any CPU = Release|Any CPU
	EndGlobalSection
	GlobalSection(ProjectConfigurationPlatforms) = postSolution
		{3A907F76-1ADA-4B1F-9371-5A1FBB391895}.Debug|Any CPU.ActiveCfg = Debug|Any CPU
		{3A907F76-1ADA-4B1F-9371-5A1FBB391895}.Debug|Any CPU.Build.0 = Debug|Any CPU
		{3A907F76-1ADA-4B1F-9371-5A1FBB391895}.Release|Any CPU.ActiveCfg = Release|Any CPU
		{3A907F76-1ADA-4B1F-9371-5A1FBB391895}.Release|Any CPU.Build.0 = Release|Any CPU
	EndGlobalSection
	GlobalSection(SolutionProperties) = preSolution
		HideSolutionNode = FALSE
	EndGlobalSection
	GlobalSection(ExtensibilityGlobals) = postSolution
		SolutionGuid = {F5768444-11D6-440C-B2E7-06160DED5184}
	EndGlobalSection
EndGlobal
